<?xml version="1.0" encoding="utf-8"?>
<Project ToolsVersion="4.0" xmlns="http://schemas.microsoft.com/developer/msbuild/2003">
  <ItemGroup>
    <Filter Include="소스 파일">
      <UniqueIdentifier>{4FC737F1-C7A5-4376-A066-2A32D752A2FF}</UniqueIdentifier>
      <Extensions>cpp;c;cc;cxx;c++;cppm;ixx;def;odl;idl;hpj;bat;asm;asmx</Extensions>
    </Filter>
    <Filter Include="헤더 파일">
      <UniqueIdentifier>{93995380-89BD-4b04-88EB-625FBE52EBFB}</UniqueIdentifier>
      <Extensions>h;hh;hpp;hxx;h++;hm;inl;inc;ipp;xsd</Extensions>
    </Filter>
    <Filter Include="리소스 파일">
      <UniqueIdentifier>{67DA6AB6-F800-4c08-8B7A-83BB121AAD01}</UniqueIdentifier>
      <Extensions>rc;ico;cur;bmp;dlg;rc2;rct;bin;rgs;gif;jpg;jpeg;jpe;resx;tiff;tif;png;wav;mfcribbon-ms</Extensions>
    </Filter>
    <Filter Include="BotTest">
      <UniqueIdentifier>{f69fbed2-d899-4b0c-9d64-876039f6f0c5}</UniqueIdentifier>
    </Filter>
    <Filter Include="include">
      <UniqueIdentifier>{83689499-eff4-4fee-8f6e-1767c222d06e}</UniqueIdentifier>
    </Filter>
    <Filter Include="include\MultiNetClient">
      <UniqueIdentifier>{a49d103d-ac8c-40cb-9a40-21968ccc3399}</UniqueIdentifier>
    </Filter>
    <Filter Include="PacketManager">
      <UniqueIdentifier>{7248d861-5e02-461c-8814-283272bc5ff5}</UniqueIdentifier>
    </Filter>
    <Filter Include="include\BehaviorTree">
      <UniqueIdentifier>{0755a837-08f3-418a-97f3-90ac86ad725f}</UniqueIdentifier>
    </Filter>
  </ItemGroup>
  <ItemGroup>
    <ClCompile Include="main.cpp">
      <Filter>소스 파일</Filter>
    </ClCompile>
    <ClCompile Include="BotTest.cpp">
      <Filter>BotTest</Filter>
    </ClCompile>
    <ClCompile Include="..\..\..\..\Desktop\Common\Log.cpp">
      <Filter>include</Filter>
    </ClCompile>
    <ClCompile Include="..\..\..\..\Desktop\Common\NetClient.cpp">
      <Filter>include</Filter>
    </ClCompile>
    <ClCompile Include="..\..\..\..\Desktop\Common\NetServerSerializeBuffer.cpp">
      <Filter>include</Filter>
    </ClCompile>
    <ClCompile Include="..\..\..\..\Desktop\Common\Parse.cpp">
      <Filter>include</Filter>
    </ClCompile>
    <ClCompile Include="..\..\..\..\Desktop\Common\PreCompile.cpp">
      <Filter>include</Filter>
    </ClCompile>
    <ClCompile Include="..\..\..\..\Desktop\Common\Ringbuffer.cpp">
      <Filter>include</Filter>
    </ClCompile>
    <ClCompile Include="MultiNetClient.cpp">
      <Filter>include\MultiNetClient</Filter>
    </ClCompile>
    <ClCompile Include="MultiNetClientSession.cpp">
      <Filter>include\MultiNetClient</Filter>
    </ClCompile>
    <ClCompile Include="PacketManager.cpp">
      <Filter>PacketManager</Filter>
    </ClCompile>
    <ClCompile Include="Bot.cpp">
      <Filter>BotTest</Filter>
    </ClCompile>
    <ClCompile Include="PacketHandler.cpp">
      <Filter>PacketManager</Filter>
    </ClCompile>
    <ClCompile Include="BotActionManager.cpp">
      <Filter>BotTest</Filter>
    </ClCompile>
    <ClCompile Include="BotAction.cpp">
      <Filter>BotTest</Filter>
    </ClCompile>
    <ClCompile Include="PacketHandlerUtil.cpp">
      <Filter>PacketManager</Filter>
    </ClCompile>
    <ClCompile Include="BehaviorNode.cpp">
      <Filter>include\BehaviorTree</Filter>
    </ClCompile>
    <ClCompile Include="BehaviorTree.cpp">
      <Filter>include\BehaviorTree</Filter>
    </ClCompile>
    <ClCompile Include="Decorator.cpp">
      <Filter>include\BehaviorTree</Filter>
    </ClCompile>
    <ClCompile Include="IBehaviorNode.cpp">
      <Filter>include\BehaviorTree</Filter>
    </ClCompile>
  </ItemGroup>
  <ItemGroup>
    <ClInclude Include="BotTest.h">
      <Filter>BotTest</Filter>
    </ClInclude>
    <ClInclude Include="MultiNetClient.h">
      <Filter>include\MultiNetClient</Filter>
    </ClInclude>
    <ClInclude Include="MultiNetClientSession.h">
      <Filter>include\MultiNetClient</Filter>
    </ClInclude>
    <ClInclude Include="TestProtocol.h">
      <Filter>헤더 파일</Filter>
    </ClInclude>
    <ClInclude Include="EnumType.h">
      <Filter>헤더 파일</Filter>
    </ClInclude>
    <ClInclude Include="PacketManager.h">
      <Filter>PacketManager</Filter>
    </ClInclude>
    <ClInclude Include="Bot.h">
      <Filter>BotTest</Filter>
    </ClInclude>
    <ClInclude Include="BotActionManager.h">
      <Filter>BotTest</Filter>
    </ClInclude>
    <ClInclude Include="Define.h">
      <Filter>헤더 파일</Filter>
    </ClInclude>
    <ClInclude Include="BotAction.h">
      <Filter>BotTest</Filter>
    </ClInclude>
    <ClInclude Include="PacketHandlerUtil.h">
      <Filter>PacketManager</Filter>
    </ClInclude>
    <ClInclude Include="BehaviorNode.h">
      <Filter>include\BehaviorTree</Filter>
    </ClInclude>
    <ClInclude Include="BehaviorTree.h">
      <Filter>include\BehaviorTree</Filter>
    </ClInclude>
    <ClInclude Include="Decorator.h">
      <Filter>include\BehaviorTree</Filter>
    </ClInclude>
    <ClInclude Include="IBehaviorNode.h">
      <Filter>include\BehaviorTree</Filter>
    </ClInclude>
  </ItemGroup>
</Project>